
Microsoft Visual Studio Solution File, Format Version 12.00
# Visual Studio 15
VisualStudioVersion = 15.0.28307.1169
MinimumVisualStudioVersion = 10.0.40219.1
Project("{FAE04EC0-301F-11D3-BF4B-00C04F79EFBC}") = "01-generic", "01-generic\01-generic.csproj", "{CECFC40A-6507-4E77-9A9D-DB507190E7B6}"
EndProject
Project("{FAE04EC0-301F-11D3-BF4B-00C04F79EFBC}") = "02-reflect", "02-reflect\02-reflect.csproj", "{6EBB0140-41A1-48A7-A17F-9A889697F034}"
EndProject
Project("{FAE04EC0-301F-11D3-BF4B-00C04F79EFBC}") = "03-Attribute", "03-Attribute\03-Attribute.csproj", "{E5738853-9DE6-4EA3-9EF3-325639B117CA}"
EndProject
Project("{FAE04EC0-301F-11D3-BF4B-00C04F79EFBC}") = "04-delegate", "04-delegate\04-delegate.csproj", "{D397EA65-2936-48AB-9DBE-BA90052D23AA}"
EndProject
Project("{FAE04EC0-301F-11D3-BF4B-00C04F79EFBC}") = "05-event", "05-event\05-event.csproj", "{E8D4D4E3-FC92-40ED-B07B-04367F6C78D9}"
EndProject
Project("{FAE04EC0-301F-11D3-BF4B-00C04F79EFBC}") = "06-lambdalinq", "06-lambdalinq\06-lambdalinq.csproj", "{802700B4-D48B-4897-8443-601C2DBD3EA6}"
EndProject
Project("{FAE04EC0-301F-11D3-BF4B-00C04F79EFBC}") = "00-homework", "00-homework\00-homework.csproj", "{53430E2D-FE56-46BD-B0AF-E2E14B84AF6B}"
EndProject
Project("{FAE04EC0-301F-11D3-BF4B-00C04F79EFBC}") = "07-designpatternprinciple", "07-designpatternprinciple\07-designpatternprinciple.csproj", "{376E3D4D-367E-4CB2-A6A5-AAD32D0C3C82}"
EndProject
Project("{FAE04EC0-301F-11D3-BF4B-00C04F79EFBC}") = "08-expression", "08-expression\08-expression.csproj", "{CAE81E3D-C2EA-4516-BF03-25B0C262D525}"
EndProject
Project("{FAE04EC0-301F-11D3-BF4B-00C04F79EFBC}") = "09-io-serialize", "09-io-serialize\09-io-serialize.csproj", "{22622D38-D638-40DD-8F89-8D76BF6051F9}"
EndProject
Project("{FAE04EC0-301F-11D3-BF4B-00C04F79EFBC}") = "10-designpattern", "10-designpattern\10-designpattern.csproj", "{5DF3DE30-3F81-4907-991F-211B1F72622E}"
EndProject
Project("{FAE04EC0-301F-11D3-BF4B-00C04F79EFBC}") = "11-thread", "11-thread\11-thread.csproj", "{A6CED58B-A3BC-4626-A8BF-14D1E8C4EFD9}"
EndProject
Project("{FAE04EC0-301F-11D3-BF4B-00C04F79EFBC}") = "12-crawler", "12-crawler\12-crawler.csproj", "{153DE232-190E-4DD8-818A-E2598B580A66}"
EndProject
Project("{FAE04EC0-301F-11D3-BF4B-00C04F79EFBC}") = "13-ioc", "13-ioc\13-ioc.csproj", "{EED8546C-7892-42CD-8E0A-CD39D0C4028E}"
EndProject
Project("{FAE04EC0-301F-11D3-BF4B-00C04F79EFBC}") = "14-db", "14-db\14-db.csproj", "{4F5598C9-7A65-4556-B1A3-838BF5F91F5E}"
EndProject
Project("{FAE04EC0-301F-11D3-BF4B-00C04F79EFBC}") = "15-clr", "15-clr\15-clr.csproj", "{183084D3-2E34-44A0-A0C4-C9D13E389D3D}"
EndProject
Project("{FAE04EC0-301F-11D3-BF4B-00C04F79EFBC}") = "16-cache", "16-cache\16-cache.csproj", "{5B44446A-996B-4B2E-94FB-DC25A7C3E5E5}"
EndProject
Project("{FAE04EC0-301F-11D3-BF4B-00C04F79EFBC}") = "17-data-structure", "17-data-structure\17-data-structure.csproj", "{63E3B8C4-4C2D-455E-BF6A-1934F21E372A}"
EndProject
Project("{FAE04EC0-301F-11D3-BF4B-00C04F79EFBC}") = "18-redis", "18-redis\18-redis.csproj", "{A913B598-CA4E-48EA-9F2E-EAFA6356ACFB}"
EndProject
Project("{FAE04EC0-301F-11D3-BF4B-00C04F79EFBC}") = "19-soa", "19-soa\19-soa.csproj", "{7D3FF1BE-0F1B-4FD8-AC73-B9ABBCD250FE}"
	ProjectSection(ProjectDependencies) = postProject
		{96C97A99-83B0-4450-AFDF-2E75CCA8CDF5} = {96C97A99-83B0-4450-AFDF-2E75CCA8CDF5}
	EndProjectSection
EndProject
Project("{FAE04EC0-301F-11D3-BF4B-00C04F79EFBC}") = "19-soa-webservice", "19-soa-webservice\19-soa-webservice.csproj", "{96C97A99-83B0-4450-AFDF-2E75CCA8CDF5}"
EndProject
Project("{FAE04EC0-301F-11D3-BF4B-00C04F79EFBC}") = "19-UnitTestWebService", "19-UnitTestWebService\19-UnitTestWebService.csproj", "{963EE05A-0595-45DE-AEFE-966F21F05C28}"
	ProjectSection(ProjectDependencies) = postProject
		{96C97A99-83B0-4450-AFDF-2E75CCA8CDF5} = {96C97A99-83B0-4450-AFDF-2E75CCA8CDF5}
	EndProjectSection
EndProject
Project("{FAE04EC0-301F-11D3-BF4B-00C04F79EFBC}") = "19-soa-wcf", "19-soa-wcf\19-soa-wcf.csproj", "{A4D922DD-43FC-45A7-96AA-7A396D425DBA}"
	ProjectSection(ProjectDependencies) = postProject
		{96C97A99-83B0-4450-AFDF-2E75CCA8CDF5} = {96C97A99-83B0-4450-AFDF-2E75CCA8CDF5}
	EndProjectSection
EndProject
Project("{FAE04EC0-301F-11D3-BF4B-00C04F79EFBC}") = "19-soa-wcf-console", "19-soa-wcf-console\19-soa-wcf-console.csproj", "{FBB232E9-77D7-4583-9703-A72D0E9839F8}"
EndProject
Project("{FAE04EC0-301F-11D3-BF4B-00C04F79EFBC}") = "19-soa-webapi", "19-soa-webapi\19-soa-webapi.csproj", "{0763AE59-6CB5-4F59-AC97-9AF37A749332}"
EndProject
Project("{FAE04EC0-301F-11D3-BF4B-00C04F79EFBC}") = "19-webapi", "19-webapi\19-webapi.csproj", "{B9A77828-C63B-4650-BE18-BDCE5E2B5F44}"
EndProject
Project("{FAE04EC0-301F-11D3-BF4B-00C04F79EFBC}") = "20-database-index", "20-database-index\20-database-index.csproj", "{E01733ED-E38E-42C2-88ED-12EC021A1AB6}"
EndProject
Project("{FAE04EC0-301F-11D3-BF4B-00C04F79EFBC}") = "21-lucene", "21-lucene\21-lucene.csproj", "{CE4BEA50-8CC4-45C8-A23E-6E5E2442B424}"
EndProject
Project("{FAE04EC0-301F-11D3-BF4B-00C04F79EFBC}") = "22-EntityFramework", "22-EntityFramework\22-EntityFramework.csproj", "{8580F369-33BB-429A-B7D0-6E2849BB5A5D}"
EndProject
Project("{FAE04EC0-301F-11D3-BF4B-00C04F79EFBC}") = "22-EntityFramework-DBFirst", "22-EntityFramework-DBFirst\22-EntityFramework-DBFirst.csproj", "{19A1D177-E366-4C00-B79B-4E172A5B895C}"
EndProject
Project("{FAE04EC0-301F-11D3-BF4B-00C04F79EFBC}") = "22-EntityFramework-CodeFirst", "22-EntityFramework-CodeFirst\22-EntityFramework-CodeFirst.csproj", "{07217981-B4F6-458D-AC01-A8BA19918FCC}"
EndProject
Project("{FAE04EC0-301F-11D3-BF4B-00C04F79EFBC}") = "22-EntityFramework-CodeFirst-Standard", "22-EntityFramework-CodeFirst-Standard\22-EntityFramework-CodeFirst-Standard.csproj", "{39C40418-2823-49E2-9C5E-26BA89FCE8C9}"
EndProject
Project("{FAE04EC0-301F-11D3-BF4B-00C04F79EFBC}") = "22-EntityFramework-ModelFirst", "22-EntityFramework-ModelFirst\22-EntityFramework-ModelFirst.csproj", "{AB5AA3C1-405C-4AD0-97C6-3B28D770BB1F}"
EndProject
Project("{FAE04EC0-301F-11D3-BF4B-00C04F79EFBC}") = "23-Quartz", "23-Quartz\23-Quartz.csproj", "{E2D17317-E9AA-45CD-A3CE-F055CD8CFD22}"
EndProject
Project("{FAE04EC0-301F-11D3-BF4B-00C04F79EFBC}") = "24-mvc5", "24-mvc5\24-mvc5.csproj", "{74923D09-91F1-425E-9CEB-68B113BA5D61}"
EndProject
Project("{FAE04EC0-301F-11D3-BF4B-00C04F79EFBC}") = "24-asp.net-mvc5", "24-asp.net-mvc5\24-asp.net-mvc5.csproj", "{60E80263-A5D0-44F3-BC2D-6A149210D1F2}"
EndProject
Project("{2150E333-8FDC-42A3-9474-1A3956D46DE8}") = "EF", "EF", "{D59F5CF1-4200-47AC-AF8A-BFF78B1FD398}"
EndProject
Project("{2150E333-8FDC-42A3-9474-1A3956D46DE8}") = "SOA", "SOA", "{D1070E2C-3D9A-49FD-86FC-20B9EC83AC2B}"
EndProject
Project("{2150E333-8FDC-42A3-9474-1A3956D46DE8}") = "MVC", "MVC", "{3D9EE54E-5425-49A8-9CC7-863E17F9D110}"
EndProject
Project("{2150E333-8FDC-42A3-9474-1A3956D46DE8}") = "Basic", "Basic", "{AF9D8C7B-26FB-43C5-862C-BDDB913F2DF2}"
EndProject
Project("{2150E333-8FDC-42A3-9474-1A3956D46DE8}") = "Design Pattern", "Design Pattern", "{78A0E6FF-7295-4596-A5C7-D38BCB500C8C}"
EndProject
Project("{2150E333-8FDC-42A3-9474-1A3956D46DE8}") = "Lucene", "Lucene", "{77C9FE00-E079-475E-9567-3C4E047AE107}"
EndProject
Project("{2150E333-8FDC-42A3-9474-1A3956D46DE8}") = "Quartz", "Quartz", "{6464094F-CD0E-43FE-B80B-E75EB6819AA9}"
EndProject
Project("{FAE04EC0-301F-11D3-BF4B-00C04F79EFBC}") = "25-Pipeline", "25-Pipeline\25-Pipeline.csproj", "{BD386FE2-D945-4D96-91E7-826CDC84E7EC}"
EndProject
Project("{FAE04EC0-301F-11D3-BF4B-00C04F79EFBC}") = "25-web-pipeline", "25-web-pipeline\25-web-pipeline.csproj", "{A6C760CB-7C51-45E7-95E6-0FDDBCB60C6C}"
EndProject
Project("{2150E333-8FDC-42A3-9474-1A3956D46DE8}") = "Redis", "Redis", "{8732C33E-5C48-46F2-8740-D28BDC2C9266}"
EndProject
Project("{FAE04EC0-301F-11D3-BF4B-00C04F79EFBC}") = "22-EntityFramework-IOC", "22-EntityFramework-IOC\22-EntityFramework-IOC.csproj", "{B015C2D7-97CC-4B59-BB5C-BD36D62065FB}"
EndProject
Project("{FAE04EC0-301F-11D3-BF4B-00C04F79EFBC}") = "23-QuartzAdvanced", "23-QuartzAdvanced\23-QuartzAdvanced.csproj", "{F0E6393A-85A5-475B-92DB-784770CFEA5B}"
EndProject
Project("{FAE04EC0-301F-11D3-BF4B-00C04F79EFBC}") = "23-QuartzAdvancedWeb", "23-QuartzAdvancedWeb\23-QuartzAdvancedWeb.csproj", "{AA738876-F22F-4646-94DF-FC7BB66A25E5}"
EndProject
Global
	GlobalSection(SolutionConfigurationPlatforms) = preSolution
		Debug|Any CPU = Debug|Any CPU
		Release|Any CPU = Release|Any CPU
	EndGlobalSection
	GlobalSection(ProjectConfigurationPlatforms) = postSolution
		{CECFC40A-6507-4E77-9A9D-DB507190E7B6}.Debug|Any CPU.ActiveCfg = Debug|Any CPU
		{CECFC40A-6507-4E77-9A9D-DB507190E7B6}.Debug|Any CPU.Build.0 = Debug|Any CPU
		{CECFC40A-6507-4E77-9A9D-DB507190E7B6}.Release|Any CPU.ActiveCfg = Release|Any CPU
		{CECFC40A-6507-4E77-9A9D-DB507190E7B6}.Release|Any CPU.Build.0 = Release|Any CPU
		{6EBB0140-41A1-48A7-A17F-9A889697F034}.Debug|Any CPU.ActiveCfg = Debug|Any CPU
		{6EBB0140-41A1-48A7-A17F-9A889697F034}.Debug|Any CPU.Build.0 = Debug|Any CPU
		{6EBB0140-41A1-48A7-A17F-9A889697F034}.Release|Any CPU.ActiveCfg = Release|Any CPU
		{6EBB0140-41A1-48A7-A17F-9A889697F034}.Release|Any CPU.Build.0 = Release|Any CPU
		{E5738853-9DE6-4EA3-9EF3-325639B117CA}.Debug|Any CPU.ActiveCfg = Debug|Any CPU
		{E5738853-9DE6-4EA3-9EF3-325639B117CA}.Debug|Any CPU.Build.0 = Debug|Any CPU
		{E5738853-9DE6-4EA3-9EF3-325639B117CA}.Release|Any CPU.ActiveCfg = Release|Any CPU
		{E5738853-9DE6-4EA3-9EF3-325639B117CA}.Release|Any CPU.Build.0 = Release|Any CPU
		{D397EA65-2936-48AB-9DBE-BA90052D23AA}.Debug|Any CPU.ActiveCfg = Debug|Any CPU
		{D397EA65-2936-48AB-9DBE-BA90052D23AA}.Debug|Any CPU.Build.0 = Debug|Any CPU
		{D397EA65-2936-48AB-9DBE-BA90052D23AA}.Release|Any CPU.ActiveCfg = Release|Any CPU
		{D397EA65-2936-48AB-9DBE-BA90052D23AA}.Release|Any CPU.Build.0 = Release|Any CPU
		{E8D4D4E3-FC92-40ED-B07B-04367F6C78D9}.Debug|Any CPU.ActiveCfg = Debug|Any CPU
		{E8D4D4E3-FC92-40ED-B07B-04367F6C78D9}.Debug|Any CPU.Build.0 = Debug|Any CPU
		{E8D4D4E3-FC92-40ED-B07B-04367F6C78D9}.Release|Any CPU.ActiveCfg = Release|Any CPU
		{E8D4D4E3-FC92-40ED-B07B-04367F6C78D9}.Release|Any CPU.Build.0 = Release|Any CPU
		{802700B4-D48B-4897-8443-601C2DBD3EA6}.Debug|Any CPU.ActiveCfg = Debug|Any CPU
		{802700B4-D48B-4897-8443-601C2DBD3EA6}.Debug|Any CPU.Build.0 = Debug|Any CPU
		{802700B4-D48B-4897-8443-601C2DBD3EA6}.Release|Any CPU.ActiveCfg = Release|Any CPU
		{802700B4-D48B-4897-8443-601C2DBD3EA6}.Release|Any CPU.Build.0 = Release|Any CPU
		{53430E2D-FE56-46BD-B0AF-E2E14B84AF6B}.Debug|Any CPU.ActiveCfg = Debug|Any CPU
		{53430E2D-FE56-46BD-B0AF-E2E14B84AF6B}.Debug|Any CPU.Build.0 = Debug|Any CPU
		{53430E2D-FE56-46BD-B0AF-E2E14B84AF6B}.Release|Any CPU.ActiveCfg = Release|Any CPU
		{53430E2D-FE56-46BD-B0AF-E2E14B84AF6B}.Release|Any CPU.Build.0 = Release|Any CPU
		{376E3D4D-367E-4CB2-A6A5-AAD32D0C3C82}.Debug|Any CPU.ActiveCfg = Debug|Any CPU
		{376E3D4D-367E-4CB2-A6A5-AAD32D0C3C82}.Debug|Any CPU.Build.0 = Debug|Any CPU
		{376E3D4D-367E-4CB2-A6A5-AAD32D0C3C82}.Release|Any CPU.ActiveCfg = Release|Any CPU
		{376E3D4D-367E-4CB2-A6A5-AAD32D0C3C82}.Release|Any CPU.Build.0 = Release|Any CPU
		{CAE81E3D-C2EA-4516-BF03-25B0C262D525}.Debug|Any CPU.ActiveCfg = Debug|Any CPU
		{CAE81E3D-C2EA-4516-BF03-25B0C262D525}.Debug|Any CPU.Build.0 = Debug|Any CPU
		{CAE81E3D-C2EA-4516-BF03-25B0C262D525}.Release|Any CPU.ActiveCfg = Release|Any CPU
		{CAE81E3D-C2EA-4516-BF03-25B0C262D525}.Release|Any CPU.Build.0 = Release|Any CPU
		{22622D38-D638-40DD-8F89-8D76BF6051F9}.Debug|Any CPU.ActiveCfg = Debug|Any CPU
		{22622D38-D638-40DD-8F89-8D76BF6051F9}.Debug|Any CPU.Build.0 = Debug|Any CPU
		{22622D38-D638-40DD-8F89-8D76BF6051F9}.Release|Any CPU.ActiveCfg = Release|Any CPU
		{22622D38-D638-40DD-8F89-8D76BF6051F9}.Release|Any CPU.Build.0 = Release|Any CPU
		{5DF3DE30-3F81-4907-991F-211B1F72622E}.Debug|Any CPU.ActiveCfg = Debug|Any CPU
		{5DF3DE30-3F81-4907-991F-211B1F72622E}.Debug|Any CPU.Build.0 = Debug|Any CPU
		{5DF3DE30-3F81-4907-991F-211B1F72622E}.Release|Any CPU.ActiveCfg = Release|Any CPU
		{5DF3DE30-3F81-4907-991F-211B1F72622E}.Release|Any CPU.Build.0 = Release|Any CPU
		{A6CED58B-A3BC-4626-A8BF-14D1E8C4EFD9}.Debug|Any CPU.ActiveCfg = Debug|Any CPU
		{A6CED58B-A3BC-4626-A8BF-14D1E8C4EFD9}.Debug|Any CPU.Build.0 = Debug|Any CPU
		{A6CED58B-A3BC-4626-A8BF-14D1E8C4EFD9}.Release|Any CPU.ActiveCfg = Release|Any CPU
		{A6CED58B-A3BC-4626-A8BF-14D1E8C4EFD9}.Release|Any CPU.Build.0 = Release|Any CPU
		{153DE232-190E-4DD8-818A-E2598B580A66}.Debug|Any CPU.ActiveCfg = Debug|Any CPU
		{153DE232-190E-4DD8-818A-E2598B580A66}.Debug|Any CPU.Build.0 = Debug|Any CPU
		{153DE232-190E-4DD8-818A-E2598B580A66}.Release|Any CPU.ActiveCfg = Release|Any CPU
		{153DE232-190E-4DD8-818A-E2598B580A66}.Release|Any CPU.Build.0 = Release|Any CPU
		{EED8546C-7892-42CD-8E0A-CD39D0C4028E}.Debug|Any CPU.ActiveCfg = Debug|Any CPU
		{EED8546C-7892-42CD-8E0A-CD39D0C4028E}.Debug|Any CPU.Build.0 = Debug|Any CPU
		{EED8546C-7892-42CD-8E0A-CD39D0C4028E}.Release|Any CPU.ActiveCfg = Release|Any CPU
		{EED8546C-7892-42CD-8E0A-CD39D0C4028E}.Release|Any CPU.Build.0 = Release|Any CPU
		{4F5598C9-7A65-4556-B1A3-838BF5F91F5E}.Debug|Any CPU.ActiveCfg = Debug|Any CPU
		{4F5598C9-7A65-4556-B1A3-838BF5F91F5E}.Debug|Any CPU.Build.0 = Debug|Any CPU
		{4F5598C9-7A65-4556-B1A3-838BF5F91F5E}.Release|Any CPU.ActiveCfg = Release|Any CPU
		{4F5598C9-7A65-4556-B1A3-838BF5F91F5E}.Release|Any CPU.Build.0 = Release|Any CPU
		{183084D3-2E34-44A0-A0C4-C9D13E389D3D}.Debug|Any CPU.ActiveCfg = Debug|Any CPU
		{183084D3-2E34-44A0-A0C4-C9D13E389D3D}.Debug|Any CPU.Build.0 = Debug|Any CPU
		{183084D3-2E34-44A0-A0C4-C9D13E389D3D}.Release|Any CPU.ActiveCfg = Release|Any CPU
		{183084D3-2E34-44A0-A0C4-C9D13E389D3D}.Release|Any CPU.Build.0 = Release|Any CPU
		{5B44446A-996B-4B2E-94FB-DC25A7C3E5E5}.Debug|Any CPU.ActiveCfg = Debug|Any CPU
		{5B44446A-996B-4B2E-94FB-DC25A7C3E5E5}.Debug|Any CPU.Build.0 = Debug|Any CPU
		{5B44446A-996B-4B2E-94FB-DC25A7C3E5E5}.Release|Any CPU.ActiveCfg = Release|Any CPU
		{5B44446A-996B-4B2E-94FB-DC25A7C3E5E5}.Release|Any CPU.Build.0 = Release|Any CPU
		{63E3B8C4-4C2D-455E-BF6A-1934F21E372A}.Debug|Any CPU.ActiveCfg = Debug|Any CPU
		{63E3B8C4-4C2D-455E-BF6A-1934F21E372A}.Debug|Any CPU.Build.0 = Debug|Any CPU
		{63E3B8C4-4C2D-455E-BF6A-1934F21E372A}.Release|Any CPU.ActiveCfg = Release|Any CPU
		{63E3B8C4-4C2D-455E-BF6A-1934F21E372A}.Release|Any CPU.Build.0 = Release|Any CPU
		{A913B598-CA4E-48EA-9F2E-EAFA6356ACFB}.Debug|Any CPU.ActiveCfg = Debug|Any CPU
		{A913B598-CA4E-48EA-9F2E-EAFA6356ACFB}.Debug|Any CPU.Build.0 = Debug|Any CPU
		{A913B598-CA4E-48EA-9F2E-EAFA6356ACFB}.Release|Any CPU.ActiveCfg = Release|Any CPU
		{A913B598-CA4E-48EA-9F2E-EAFA6356ACFB}.Release|Any CPU.Build.0 = Release|Any CPU
		{7D3FF1BE-0F1B-4FD8-AC73-B9ABBCD250FE}.Debug|Any CPU.ActiveCfg = Debug|Any CPU
		{7D3FF1BE-0F1B-4FD8-AC73-B9ABBCD250FE}.Debug|Any CPU.Build.0 = Debug|Any CPU
		{7D3FF1BE-0F1B-4FD8-AC73-B9ABBCD250FE}.Release|Any CPU.ActiveCfg = Release|Any CPU
		{7D3FF1BE-0F1B-4FD8-AC73-B9ABBCD250FE}.Release|Any CPU.Build.0 = Release|Any CPU
		{96C97A99-83B0-4450-AFDF-2E75CCA8CDF5}.Debug|Any CPU.ActiveCfg = Debug|Any CPU
		{96C97A99-83B0-4450-AFDF-2E75CCA8CDF5}.Debug|Any CPU.Build.0 = Debug|Any CPU
		{96C97A99-83B0-4450-AFDF-2E75CCA8CDF5}.Release|Any CPU.ActiveCfg = Release|Any CPU
		{96C97A99-83B0-4450-AFDF-2E75CCA8CDF5}.Release|Any CPU.Build.0 = Release|Any CPU
		{963EE05A-0595-45DE-AEFE-966F21F05C28}.Debug|Any CPU.ActiveCfg = Debug|Any CPU
		{963EE05A-0595-45DE-AEFE-966F21F05C28}.Debug|Any CPU.Build.0 = Debug|Any CPU
		{963EE05A-0595-45DE-AEFE-966F21F05C28}.Release|Any CPU.ActiveCfg = Release|Any CPU
		{963EE05A-0595-45DE-AEFE-966F21F05C28}.Release|Any CPU.Build.0 = Release|Any CPU
		{A4D922DD-43FC-45A7-96AA-7A396D425DBA}.Debug|Any CPU.ActiveCfg = Debug|Any CPU
		{A4D922DD-43FC-45A7-96AA-7A396D425DBA}.Debug|Any CPU.Build.0 = Debug|Any CPU
		{A4D922DD-43FC-45A7-96AA-7A396D425DBA}.Release|Any CPU.ActiveCfg = Release|Any CPU
		{A4D922DD-43FC-45A7-96AA-7A396D425DBA}.Release|Any CPU.Build.0 = Release|Any CPU
		{FBB232E9-77D7-4583-9703-A72D0E9839F8}.Debug|Any CPU.ActiveCfg = Debug|Any CPU
		{FBB232E9-77D7-4583-9703-A72D0E9839F8}.Debug|Any CPU.Build.0 = Debug|Any CPU
		{FBB232E9-77D7-4583-9703-A72D0E9839F8}.Release|Any CPU.ActiveCfg = Release|Any CPU
		{FBB232E9-77D7-4583-9703-A72D0E9839F8}.Release|Any CPU.Build.0 = Release|Any CPU
		{0763AE59-6CB5-4F59-AC97-9AF37A749332}.Debug|Any CPU.ActiveCfg = Debug|Any CPU
		{0763AE59-6CB5-4F59-AC97-9AF37A749332}.Debug|Any CPU.Build.0 = Debug|Any CPU
		{0763AE59-6CB5-4F59-AC97-9AF37A749332}.Release|Any CPU.ActiveCfg = Release|Any CPU
		{0763AE59-6CB5-4F59-AC97-9AF37A749332}.Release|Any CPU.Build.0 = Release|Any CPU
		{B9A77828-C63B-4650-BE18-BDCE5E2B5F44}.Debug|Any CPU.ActiveCfg = Debug|Any CPU
		{B9A77828-C63B-4650-BE18-BDCE5E2B5F44}.Debug|Any CPU.Build.0 = Debug|Any CPU
		{B9A77828-C63B-4650-BE18-BDCE5E2B5F44}.Release|Any CPU.ActiveCfg = Release|Any CPU
		{B9A77828-C63B-4650-BE18-BDCE5E2B5F44}.Release|Any CPU.Build.0 = Release|Any CPU
		{E01733ED-E38E-42C2-88ED-12EC021A1AB6}.Debug|Any CPU.ActiveCfg = Debug|Any CPU
		{E01733ED-E38E-42C2-88ED-12EC021A1AB6}.Debug|Any CPU.Build.0 = Debug|Any CPU
		{E01733ED-E38E-42C2-88ED-12EC021A1AB6}.Release|Any CPU.ActiveCfg = Release|Any CPU
		{E01733ED-E38E-42C2-88ED-12EC021A1AB6}.Release|Any CPU.Build.0 = Release|Any CPU
		{CE4BEA50-8CC4-45C8-A23E-6E5E2442B424}.Debug|Any CPU.ActiveCfg = Debug|Any CPU
		{CE4BEA50-8CC4-45C8-A23E-6E5E2442B424}.Debug|Any CPU.Build.0 = Debug|Any CPU
		{CE4BEA50-8CC4-45C8-A23E-6E5E2442B424}.Release|Any CPU.ActiveCfg = Release|Any CPU
		{CE4BEA50-8CC4-45C8-A23E-6E5E2442B424}.Release|Any CPU.Build.0 = Release|Any CPU
		{8580F369-33BB-429A-B7D0-6E2849BB5A5D}.Debug|Any CPU.ActiveCfg = Debug|Any CPU
		{8580F369-33BB-429A-B7D0-6E2849BB5A5D}.Debug|Any CPU.Build.0 = Debug|Any CPU
		{8580F369-33BB-429A-B7D0-6E2849BB5A5D}.Release|Any CPU.ActiveCfg = Release|Any CPU
		{8580F369-33BB-429A-B7D0-6E2849BB5A5D}.Release|Any CPU.Build.0 = Release|Any CPU
		{19A1D177-E366-4C00-B79B-4E172A5B895C}.Debug|Any CPU.ActiveCfg = Debug|Any CPU
		{19A1D177-E366-4C00-B79B-4E172A5B895C}.Debug|Any CPU.Build.0 = Debug|Any CPU
		{19A1D177-E366-4C00-B79B-4E172A5B895C}.Release|Any CPU.ActiveCfg = Release|Any CPU
		{19A1D177-E366-4C00-B79B-4E172A5B895C}.Release|Any CPU.Build.0 = Release|Any CPU
		{07217981-B4F6-458D-AC01-A8BA19918FCC}.Debug|Any CPU.ActiveCfg = Debug|Any CPU
		{07217981-B4F6-458D-AC01-A8BA19918FCC}.Debug|Any CPU.Build.0 = Debug|Any CPU
		{07217981-B4F6-458D-AC01-A8BA19918FCC}.Release|Any CPU.ActiveCfg = Release|Any CPU
		{07217981-B4F6-458D-AC01-A8BA19918FCC}.Release|Any CPU.Build.0 = Release|Any CPU
		{39C40418-2823-49E2-9C5E-26BA89FCE8C9}.Debug|Any CPU.ActiveCfg = Debug|Any CPU
		{39C40418-2823-49E2-9C5E-26BA89FCE8C9}.Debug|Any CPU.Build.0 = Debug|Any CPU
		{39C40418-2823-49E2-9C5E-26BA89FCE8C9}.Release|Any CPU.ActiveCfg = Release|Any CPU
		{39C40418-2823-49E2-9C5E-26BA89FCE8C9}.Release|Any CPU.Build.0 = Release|Any CPU
		{AB5AA3C1-405C-4AD0-97C6-3B28D770BB1F}.Debug|Any CPU.ActiveCfg = Debug|Any CPU
		{AB5AA3C1-405C-4AD0-97C6-3B28D770BB1F}.Debug|Any CPU.Build.0 = Debug|Any CPU
		{AB5AA3C1-405C-4AD0-97C6-3B28D770BB1F}.Release|Any CPU.ActiveCfg = Release|Any CPU
		{AB5AA3C1-405C-4AD0-97C6-3B28D770BB1F}.Release|Any CPU.Build.0 = Release|Any CPU
		{E2D17317-E9AA-45CD-A3CE-F055CD8CFD22}.Debug|Any CPU.ActiveCfg = Debug|Any CPU
		{E2D17317-E9AA-45CD-A3CE-F055CD8CFD22}.Debug|Any CPU.Build.0 = Debug|Any CPU
		{E2D17317-E9AA-45CD-A3CE-F055CD8CFD22}.Release|Any CPU.ActiveCfg = Release|Any CPU
		{E2D17317-E9AA-45CD-A3CE-F055CD8CFD22}.Release|Any CPU.Build.0 = Release|Any CPU
		{74923D09-91F1-425E-9CEB-68B113BA5D61}.Debug|Any CPU.ActiveCfg = Debug|Any CPU
		{74923D09-91F1-425E-9CEB-68B113BA5D61}.Debug|Any CPU.Build.0 = Debug|Any CPU
		{74923D09-91F1-425E-9CEB-68B113BA5D61}.Release|Any CPU.ActiveCfg = Release|Any CPU
		{74923D09-91F1-425E-9CEB-68B113BA5D61}.Release|Any CPU.Build.0 = Release|Any CPU
		{60E80263-A5D0-44F3-BC2D-6A149210D1F2}.Debug|Any CPU.ActiveCfg = Debug|Any CPU
		{60E80263-A5D0-44F3-BC2D-6A149210D1F2}.Debug|Any CPU.Build.0 = Debug|Any CPU
		{60E80263-A5D0-44F3-BC2D-6A149210D1F2}.Release|Any CPU.ActiveCfg = Release|Any CPU
		{60E80263-A5D0-44F3-BC2D-6A149210D1F2}.Release|Any CPU.Build.0 = Release|Any CPU
		{BD386FE2-D945-4D96-91E7-826CDC84E7EC}.Debug|Any CPU.ActiveCfg = Debug|Any CPU
		{BD386FE2-D945-4D96-91E7-826CDC84E7EC}.Debug|Any CPU.Build.0 = Debug|Any CPU
		{BD386FE2-D945-4D96-91E7-826CDC84E7EC}.Release|Any CPU.ActiveCfg = Release|Any CPU
		{BD386FE2-D945-4D96-91E7-826CDC84E7EC}.Release|Any CPU.Build.0 = Release|Any CPU
		{A6C760CB-7C51-45E7-95E6-0FDDBCB60C6C}.Debug|Any CPU.ActiveCfg = Debug|Any CPU
		{A6C760CB-7C51-45E7-95E6-0FDDBCB60C6C}.Debug|Any CPU.Build.0 = Debug|Any CPU
		{A6C760CB-7C51-45E7-95E6-0FDDBCB60C6C}.Release|Any CPU.ActiveCfg = Release|Any CPU
		{A6C760CB-7C51-45E7-95E6-0FDDBCB60C6C}.Release|Any CPU.Build.0 = Release|Any CPU
		{B015C2D7-97CC-4B59-BB5C-BD36D62065FB}.Debug|Any CPU.ActiveCfg = Debug|Any CPU
		{B015C2D7-97CC-4B59-BB5C-BD36D62065FB}.Debug|Any CPU.Build.0 = Debug|Any CPU
		{B015C2D7-97CC-4B59-BB5C-BD36D62065FB}.Release|Any CPU.ActiveCfg = Release|Any CPU
		{B015C2D7-97CC-4B59-BB5C-BD36D62065FB}.Release|Any CPU.Build.0 = Release|Any CPU
		{F0E6393A-85A5-475B-92DB-784770CFEA5B}.Debug|Any CPU.ActiveCfg = Debug|Any CPU
		{F0E6393A-85A5-475B-92DB-784770CFEA5B}.Debug|Any CPU.Build.0 = Debug|Any CPU
		{F0E6393A-85A5-475B-92DB-784770CFEA5B}.Release|Any CPU.ActiveCfg = Release|Any CPU
		{F0E6393A-85A5-475B-92DB-784770CFEA5B}.Release|Any CPU.Build.0 = Release|Any CPU
		{AA738876-F22F-4646-94DF-FC7BB66A25E5}.Debug|Any CPU.ActiveCfg = Debug|Any CPU
		{AA738876-F22F-4646-94DF-FC7BB66A25E5}.Debug|Any CPU.Build.0 = Debug|Any CPU
		{AA738876-F22F-4646-94DF-FC7BB66A25E5}.Release|Any CPU.ActiveCfg = Release|Any CPU
		{AA738876-F22F-4646-94DF-FC7BB66A25E5}.Release|Any CPU.Build.0 = Release|Any CPU
	EndGlobalSection
	GlobalSection(SolutionProperties) = preSolution
		HideSolutionNode = FALSE
	EndGlobalSection
	GlobalSection(NestedProjects) = preSolution
		{CECFC40A-6507-4E77-9A9D-DB507190E7B6} = {AF9D8C7B-26FB-43C5-862C-BDDB913F2DF2}
		{6EBB0140-41A1-48A7-A17F-9A889697F034} = {AF9D8C7B-26FB-43C5-862C-BDDB913F2DF2}
		{E5738853-9DE6-4EA3-9EF3-325639B117CA} = {AF9D8C7B-26FB-43C5-862C-BDDB913F2DF2}
		{D397EA65-2936-48AB-9DBE-BA90052D23AA} = {AF9D8C7B-26FB-43C5-862C-BDDB913F2DF2}
		{E8D4D4E3-FC92-40ED-B07B-04367F6C78D9} = {AF9D8C7B-26FB-43C5-862C-BDDB913F2DF2}
		{802700B4-D48B-4897-8443-601C2DBD3EA6} = {AF9D8C7B-26FB-43C5-862C-BDDB913F2DF2}
		{53430E2D-FE56-46BD-B0AF-E2E14B84AF6B} = {AF9D8C7B-26FB-43C5-862C-BDDB913F2DF2}
		{376E3D4D-367E-4CB2-A6A5-AAD32D0C3C82} = {78A0E6FF-7295-4596-A5C7-D38BCB500C8C}
		{CAE81E3D-C2EA-4516-BF03-25B0C262D525} = {AF9D8C7B-26FB-43C5-862C-BDDB913F2DF2}
		{22622D38-D638-40DD-8F89-8D76BF6051F9} = {AF9D8C7B-26FB-43C5-862C-BDDB913F2DF2}
		{5DF3DE30-3F81-4907-991F-211B1F72622E} = {78A0E6FF-7295-4596-A5C7-D38BCB500C8C}
		{A6CED58B-A3BC-4626-A8BF-14D1E8C4EFD9} = {AF9D8C7B-26FB-43C5-862C-BDDB913F2DF2}
		{153DE232-190E-4DD8-818A-E2598B580A66} = {AF9D8C7B-26FB-43C5-862C-BDDB913F2DF2}
		{EED8546C-7892-42CD-8E0A-CD39D0C4028E} = {AF9D8C7B-26FB-43C5-862C-BDDB913F2DF2}
		{4F5598C9-7A65-4556-B1A3-838BF5F91F5E} = {AF9D8C7B-26FB-43C5-862C-BDDB913F2DF2}
		{183084D3-2E34-44A0-A0C4-C9D13E389D3D} = {AF9D8C7B-26FB-43C5-862C-BDDB913F2DF2}
		{5B44446A-996B-4B2E-94FB-DC25A7C3E5E5} = {AF9D8C7B-26FB-43C5-862C-BDDB913F2DF2}
		{63E3B8C4-4C2D-455E-BF6A-1934F21E372A} = {AF9D8C7B-26FB-43C5-862C-BDDB913F2DF2}
		{A913B598-CA4E-48EA-9F2E-EAFA6356ACFB} = {8732C33E-5C48-46F2-8740-D28BDC2C9266}
		{7D3FF1BE-0F1B-4FD8-AC73-B9ABBCD250FE} = {D1070E2C-3D9A-49FD-86FC-20B9EC83AC2B}
		{96C97A99-83B0-4450-AFDF-2E75CCA8CDF5} = {D1070E2C-3D9A-49FD-86FC-20B9EC83AC2B}
		{963EE05A-0595-45DE-AEFE-966F21F05C28} = {D1070E2C-3D9A-49FD-86FC-20B9EC83AC2B}
		{A4D922DD-43FC-45A7-96AA-7A396D425DBA} = {D1070E2C-3D9A-49FD-86FC-20B9EC83AC2B}
		{FBB232E9-77D7-4583-9703-A72D0E9839F8} = {D1070E2C-3D9A-49FD-86FC-20B9EC83AC2B}
		{0763AE59-6CB5-4F59-AC97-9AF37A749332} = {D1070E2C-3D9A-49FD-86FC-20B9EC83AC2B}
		{B9A77828-C63B-4650-BE18-BDCE5E2B5F44} = {D1070E2C-3D9A-49FD-86FC-20B9EC83AC2B}
		{E01733ED-E38E-42C2-88ED-12EC021A1AB6} = {AF9D8C7B-26FB-43C5-862C-BDDB913F2DF2}
		{CE4BEA50-8CC4-45C8-A23E-6E5E2442B424} = {77C9FE00-E079-475E-9567-3C4E047AE107}
		{8580F369-33BB-429A-B7D0-6E2849BB5A5D} = {D59F5CF1-4200-47AC-AF8A-BFF78B1FD398}
		{19A1D177-E366-4C00-B79B-4E172A5B895C} = {D59F5CF1-4200-47AC-AF8A-BFF78B1FD398}
		{07217981-B4F6-458D-AC01-A8BA19918FCC} = {D59F5CF1-4200-47AC-AF8A-BFF78B1FD398}
		{39C40418-2823-49E2-9C5E-26BA89FCE8C9} = {D59F5CF1-4200-47AC-AF8A-BFF78B1FD398}
		{AB5AA3C1-405C-4AD0-97C6-3B28D770BB1F} = {D59F5CF1-4200-47AC-AF8A-BFF78B1FD398}
		{E2D17317-E9AA-45CD-A3CE-F055CD8CFD22} = {6464094F-CD0E-43FE-B80B-E75EB6819AA9}
		{74923D09-91F1-425E-9CEB-68B113BA5D61} = {3D9EE54E-5425-49A8-9CC7-863E17F9D110}
		{60E80263-A5D0-44F3-BC2D-6A149210D1F2} = {3D9EE54E-5425-49A8-9CC7-863E17F9D110}
		{BD386FE2-D945-4D96-91E7-826CDC84E7EC} = {3D9EE54E-5425-49A8-9CC7-863E17F9D110}
		{A6C760CB-7C51-45E7-95E6-0FDDBCB60C6C} = {3D9EE54E-5425-49A8-9CC7-863E17F9D110}
		{B015C2D7-97CC-4B59-BB5C-BD36D62065FB} = {D59F5CF1-4200-47AC-AF8A-BFF78B1FD398}
		{F0E6393A-85A5-475B-92DB-784770CFEA5B} = {6464094F-CD0E-43FE-B80B-E75EB6819AA9}
		{AA738876-F22F-4646-94DF-FC7BB66A25E5} = {6464094F-CD0E-43FE-B80B-E75EB6819AA9}
	EndGlobalSection
	GlobalSection(ExtensibilityGlobals) = postSolution
		SolutionGuid = {52389F69-3FBC-4442-9F48-33547033B9B7}
	EndGlobalSection
EndGlobal
